
Microsoft Visual Studio Solution File, Format Version 12.00
# Visual Studio Version 17
VisualStudioVersion = 17.5.33414.496
MinimumVisualStudioVersion = 10.0.40219.1
Project("{FAE04EC0-301F-11D3-BF4B-00C04F79EFBC}") = "HelloWorld2", "HelloWorld2\HelloWorld2.csproj", "{E150B542-BF12-42E4-8E62-69F77749A9B7}"
EndProject
Global
	GlobalSection(SolutionConfigurationPlatforms) = preSolution
		Debug|Any CPU = Debug|Any CPU
		Release|Any CPU = Release|Any CPU
	EndGlobalSection
	GlobalSection(ProjectConfigurationPlatforms) = postSolution
		{E150B542-BF12-42E4-8E62-69F77749A9B7}.Debug|Any CPU.ActiveCfg = Debug|Any CPU
		{E150B542-BF12-42E4-8E62-69F77749A9B7}.Debug|Any CPU.Build.0 = Debug|Any CPU
		{E150B542-BF12-42E4-8E62-69F77749A9B7}.Release|Any CPU.ActiveCfg = Release|Any CPU
		{E150B542-BF12-42E4-8E62-69F77749A9B7}.Release|Any CPU.Build.0 = Release|Any CPU
	EndGlobalSection
	GlobalSection(SolutionProperties) = preSolution
		HideSolutionNode = FALSE
	EndGlobalSection
	GlobalSection(ExtensibilityGlobals) = postSolution
		SolutionGuid = {A2690D72-AFC8-45CE-AD47-786CF23C73E2}
	EndGlobalSection
EndGlobal
